
Microsoft Visual Studio Solution File, Format Version 12.00
# Visual Studio Version 17
VisualStudioVersion = 17.9.34616.47
MinimumVisualStudioVersion = 10.0.40219.1
Project("{FAE04EC0-301F-11D3-BF4B-00C04F79EFBC}") = "RestExercise2", "RestExercise2\RestExercise2.csproj", "{65605254-EB01-4C54-9570-5958E065CFEE}"
EndProject
Global
	GlobalSection(SolutionConfigurationPlatforms) = preSolution
		Debug|Any CPU = Debug|Any CPU
		Release|Any CPU = Release|Any CPU
	EndGlobalSection
	GlobalSection(ProjectConfigurationPlatforms) = postSolution
		{65605254-EB01-4C54-9570-5958E065CFEE}.Debug|Any CPU.ActiveCfg = Debug|Any CPU
		{65605254-EB01-4C54-9570-5958E065CFEE}.Debug|Any CPU.Build.0 = Debug|Any CPU
		{65605254-EB01-4C54-9570-5958E065CFEE}.Release|Any CPU.ActiveCfg = Release|Any CPU
		{65605254-EB01-4C54-9570-5958E065CFEE}.Release|Any CPU.Build.0 = Release|Any CPU
	EndGlobalSection
	GlobalSection(SolutionProperties) = preSolution
		HideSolutionNode = FALSE
	EndGlobalSection
	GlobalSection(ExtensibilityGlobals) = postSolution
		SolutionGuid = {E9396A01-918F-4B01-8ED8-EB11519E3178}
	EndGlobalSection
EndGlobal
